
Microsoft Visual Studio Solution File, Format Version 12.00
# Visual Studio Version 16
VisualStudioVersion = 16.0.31205.134
MinimumVisualStudioVersion = 10.0.40219.1
Project("{8BC9CEB8-8B4A-11D0-8D11-00A0C91BC942}") = "RendererCore", "RendererCore\RendererCore.vcxproj", "{B4A4D8C4-54B3-4B87-9F3A-566EA8210BA2}"
EndProject
Project("{8BC9CEB8-8B4A-11D0-8D11-00A0C91BC942}") = "TGRenderer", "TGRenderer\TGRenderer.vcxproj", "{6DD97D23-5755-4031-B2AC-BA5C0C43FC53}"
	ProjectSection(ProjectDependencies) = postProject
		{B4A4D8C4-54B3-4B87-9F3A-566EA8210BA2} = {B4A4D8C4-54B3-4B87-9F3A-566EA8210BA2}
	EndProjectSection
EndProject
Global
	GlobalSection(SolutionConfigurationPlatforms) = preSolution
		Debug|x64 = Debug|x64
		Debug|x86 = Debug|x86
		Release|x64 = Release|x64
		Release|x86 = Release|x86
	EndGlobalSection
	GlobalSection(ProjectConfigurationPlatforms) = postSolution
		{B4A4D8C4-54B3-4B87-9F3A-566EA8210BA2}.Debug|x64.ActiveCfg = Debug|x64
		{B4A4D8C4-54B3-4B87-9F3A-566EA8210BA2}.Debug|x64.Build.0 = Debug|x64
		{B4A4D8C4-54B3-4B87-9F3A-566EA8210BA2}.Debug|x86.ActiveCfg = Debug|Win32
		{B4A4D8C4-54B3-4B87-9F3A-566EA8210BA2}.Debug|x86.Build.0 = Debug|Win32
		{B4A4D8C4-54B3-4B87-9F3A-566EA8210BA2}.Release|x64.ActiveCfg = Release|x64
		{B4A4D8C4-54B3-4B87-9F3A-566EA8210BA2}.Release|x64.Build.0 = Release|x64
		{B4A4D8C4-54B3-4B87-9F3A-566EA8210BA2}.Release|x86.ActiveCfg = Release|Win32
		{B4A4D8C4-54B3-4B87-9F3A-566EA8210BA2}.Release|x86.Build.0 = Release|Win32
		{6DD97D23-5755-4031-B2AC-BA5C0C43FC53}.Debug|x64.ActiveCfg = Debug|x64
		{6DD97D23-5755-4031-B2AC-BA5C0C43FC53}.Debug|x64.Build.0 = Debug|x64
		{6DD97D23-5755-4031-B2AC-BA5C0C43FC53}.Debug|x86.ActiveCfg = Debug|Win32
		{6DD97D23-5755-4031-B2AC-BA5C0C43FC53}.Debug|x86.Build.0 = Debug|Win32
		{6DD97D23-5755-4031-B2AC-BA5C0C43FC53}.Release|x64.ActiveCfg = Release|x64
		{6DD97D23-5755-4031-B2AC-BA5C0C43FC53}.Release|x64.Build.0 = Release|x64
		{6DD97D23-5755-4031-B2AC-BA5C0C43FC53}.Release|x86.ActiveCfg = Release|Win32
		{6DD97D23-5755-4031-B2AC-BA5C0C43FC53}.Release|x86.Build.0 = Release|Win32
	EndGlobalSection
	GlobalSection(SolutionProperties) = preSolution
		HideSolutionNode = FALSE
	EndGlobalSection
	GlobalSection(ExtensibilityGlobals) = postSolution
		SolutionGuid = {80F8BC73-0F7E-48BA-A45C-DFFC11F32AEE}
	EndGlobalSection
EndGlobal
